
Microsoft Visual Studio Solution File, Format Version 12.00
# Visual Studio 14
VisualStudioVersion = 14.0.25420.1
MinimumVisualStudioVersion = 10.0.40219.1
Project("{FAE04EC0-301F-11D3-BF4B-00C04F79EFBC}") = "TestMapper", "TestMapper\TestMapper.csproj", "{5561D82C-51CC-44D1-86B5-AC8EA67A5764}"
EndProject
Project("{FAE04EC0-301F-11D3-BF4B-00C04F79EFBC}") = "Mapper", "Mapper\Mapper.csproj", "{BEDA9104-C31D-4038-A158-CE2F778FDFBD}"
EndProject
Global
	GlobalSection(SolutionConfigurationPlatforms) = preSolution
		Debug|Any CPU = Debug|Any CPU
		Release|Any CPU = Release|Any CPU
	EndGlobalSection
	GlobalSection(ProjectConfigurationPlatforms) = postSolution
		{5561D82C-51CC-44D1-86B5-AC8EA67A5764}.Debug|Any CPU.ActiveCfg = Debug|Any CPU
		{5561D82C-51CC-44D1-86B5-AC8EA67A5764}.Debug|Any CPU.Build.0 = Debug|Any CPU
		{5561D82C-51CC-44D1-86B5-AC8EA67A5764}.Release|Any CPU.ActiveCfg = Release|Any CPU
		{5561D82C-51CC-44D1-86B5-AC8EA67A5764}.Release|Any CPU.Build.0 = Release|Any CPU
		{BEDA9104-C31D-4038-A158-CE2F778FDFBD}.Debug|Any CPU.ActiveCfg = Debug|Any CPU
		{BEDA9104-C31D-4038-A158-CE2F778FDFBD}.Debug|Any CPU.Build.0 = Debug|Any CPU
		{BEDA9104-C31D-4038-A158-CE2F778FDFBD}.Release|Any CPU.ActiveCfg = Release|Any CPU
		{BEDA9104-C31D-4038-A158-CE2F778FDFBD}.Release|Any CPU.Build.0 = Release|Any CPU
	EndGlobalSection
	GlobalSection(SolutionProperties) = preSolution
		HideSolutionNode = FALSE
	EndGlobalSection
EndGlobal
